
Microsoft Visual Studio Solution File, Format Version 11.00
# Visual Studio 2010
Project("{FAE04EC0-301F-11D3-BF4B-00C04F79EFBC}") = "LilyPath", "LilyPath.csproj", "{2921C80E-2B58-41C4-B834-B92A478C3631}"
EndProject
Global
	GlobalSection(SolutionConfigurationPlatforms) = preSolution
		Debug|Any CPU = Debug|Any CPU
		Release.Android|Any CPU = Release.Android|Any CPU
		Release|Any CPU = Release|Any CPU
	EndGlobalSection
	GlobalSection(ProjectConfigurationPlatforms) = postSolution
		{2921C80E-2B58-41C4-B834-B92A478C3631}.Debug|Any CPU.ActiveCfg = Debug|Any CPU
		{2921C80E-2B58-41C4-B834-B92A478C3631}.Debug|Any CPU.Build.0 = Debug|Any CPU
		{2921C80E-2B58-41C4-B834-B92A478C3631}.Release.Android|Any CPU.ActiveCfg = Release|Any CPU
		{2921C80E-2B58-41C4-B834-B92A478C3631}.Release.Android|Any CPU.Build.0 = Release|Any CPU
		{2921C80E-2B58-41C4-B834-B92A478C3631}.Release|Any CPU.ActiveCfg = Release|Any CPU
		{2921C80E-2B58-41C4-B834-B92A478C3631}.Release|Any CPU.Build.0 = Release|Any CPU
	EndGlobalSection
	GlobalSection(SolutionProperties) = preSolution
		HideSolutionNode = FALSE
	EndGlobalSection
EndGlobal
