
Microsoft Visual Studio Solution File, Format Version 12.00
# Visual Studio 2012
Project("{FAE04EC0-301F-11D3-BF4B-00C04F79EFBC}") = "LilyPath.MacOS", "LilyPath\LilyPath.MacOS.csproj", "{788B3CC4-4CC7-41D1-86C3-3439F3903C52}"
EndProject
Global
	GlobalSection(SolutionConfigurationPlatforms) = preSolution
		Debug|Any CPU = Debug|Any CPU
		Debug|ARM = Debug|ARM
		Debug|Mixed Platforms = Debug|Mixed Platforms
		Debug|x86 = Debug|x86
		Release.Android|Any CPU = Release.Android|Any CPU
		Release.Android|ARM = Release.Android|ARM
		Release.Android|Mixed Platforms = Release.Android|Mixed Platforms
		Release.Android|x86 = Release.Android|x86
		Release|Any CPU = Release|Any CPU
		Release|ARM = Release|ARM
		Release|Mixed Platforms = Release|Mixed Platforms
		Release|x86 = Release|x86
	EndGlobalSection
	GlobalSection(ProjectConfigurationPlatforms) = postSolution
		{788B3CC4-4CC7-41D1-86C3-3439F3903C52}.Debug|Any CPU.ActiveCfg = Debug|Any CPU
		{788B3CC4-4CC7-41D1-86C3-3439F3903C52}.Debug|Any CPU.Build.0 = Debug|Any CPU
		{788B3CC4-4CC7-41D1-86C3-3439F3903C52}.Debug|ARM.ActiveCfg = Debug|Any CPU
		{788B3CC4-4CC7-41D1-86C3-3439F3903C52}.Debug|Mixed Platforms.ActiveCfg = Debug|Any CPU
		{788B3CC4-4CC7-41D1-86C3-3439F3903C52}.Debug|Mixed Platforms.Build.0 = Debug|Any CPU
		{788B3CC4-4CC7-41D1-86C3-3439F3903C52}.Debug|x86.ActiveCfg = Debug|Any CPU
		{788B3CC4-4CC7-41D1-86C3-3439F3903C52}.Debug|x86.Build.0 = Debug|Any CPU
		{788B3CC4-4CC7-41D1-86C3-3439F3903C52}.Release.Android|Any CPU.ActiveCfg = Release|Any CPU
		{788B3CC4-4CC7-41D1-86C3-3439F3903C52}.Release.Android|Any CPU.Build.0 = Release|Any CPU
		{788B3CC4-4CC7-41D1-86C3-3439F3903C52}.Release.Android|ARM.ActiveCfg = Release|Any CPU
		{788B3CC4-4CC7-41D1-86C3-3439F3903C52}.Release.Android|Mixed Platforms.ActiveCfg = Release|Any CPU
		{788B3CC4-4CC7-41D1-86C3-3439F3903C52}.Release.Android|Mixed Platforms.Build.0 = Release|Any CPU
		{788B3CC4-4CC7-41D1-86C3-3439F3903C52}.Release.Android|x86.ActiveCfg = Release|Any CPU
		{788B3CC4-4CC7-41D1-86C3-3439F3903C52}.Release.Android|x86.Build.0 = Release|Any CPU
		{788B3CC4-4CC7-41D1-86C3-3439F3903C52}.Release|Any CPU.ActiveCfg = Release|Any CPU
		{788B3CC4-4CC7-41D1-86C3-3439F3903C52}.Release|Any CPU.Build.0 = Release|Any CPU
		{788B3CC4-4CC7-41D1-86C3-3439F3903C52}.Release|ARM.ActiveCfg = Release|Any CPU
		{788B3CC4-4CC7-41D1-86C3-3439F3903C52}.Release|Mixed Platforms.ActiveCfg = Release|Any CPU
		{788B3CC4-4CC7-41D1-86C3-3439F3903C52}.Release|Mixed Platforms.Build.0 = Release|Any CPU
		{788B3CC4-4CC7-41D1-86C3-3439F3903C52}.Release|x86.ActiveCfg = Release|Any CPU
		{788B3CC4-4CC7-41D1-86C3-3439F3903C52}.Release|x86.Build.0 = Release|Any CPU
	EndGlobalSection
	GlobalSection(SolutionProperties) = preSolution
		HideSolutionNode = FALSE
	EndGlobalSection
	GlobalSection(MonoDevelopProperties) = preSolution
		StartupItem = LilyPath\LilyPath.csproj
	EndGlobalSection
EndGlobal
